// !$*UTF8*$!
{
	archiveVersion = 1;
	classes = {
	};
	objectVersion = 46;
	objects = {

/* Begin PBXBuildFile section */
		9A000DAD19792297006C030B /* AppDelegate.swift in Sources */ = {isa = PBXBuildFile; fileRef = 9A000DAC19792297006C030B /* AppDelegate.swift */; };
		9A000DAF19792297006C030B /* MasterViewController.swift in Sources */ = {isa = PBXBuildFile; fileRef = 9A000DAE19792297006C030B /* MasterViewController.swift */; };
		9A000DB119792297006C030B /* DetailViewController.swift in Sources */ = {isa = PBXBuildFile; fileRef = 9A000DB019792297006C030B /* DetailViewController.swift */; };
		9A000DB419792297006C030B /* Main.storyboard in Resources */ = {isa = PBXBuildFile; fileRef = 9A000DB219792297006C030B /* Main.storyboard */; };
		9A000DB619792297006C030B /* Images.xcassets in Resources */ = {isa = PBXBuildFile; fileRef = 9A000DB519792297006C030B /* Images.xcassets */; };
		9A000DC219792297006C030B /* nanapiSwiftTests.swift in Sources */ = {isa = PBXBuildFile; fileRef = 9A000DC119792297006C030B /* nanapiSwiftTests.swift */; };
/* End PBXBuildFile section */

/* Begin PBXContainerItemProxy section */
		9A000DBC19792297006C030B /* PBXContainerItemProxy */ = {
			isa = PBXContainerItemProxy;
			containerPortal = 9A000D9F19792297006C030B /* Project object */;
			proxyType = 1;
			remoteGlobalIDString = 9A000DA619792297006C030B;
			remoteInfo = nanapiSwift;
		};
/* End PBXContainerItemProxy section */

/* Begin PBXFileReference section */
		9A000DA719792297006C030B /* nanapiSwift.app */ = {isa = PBXFileReference; explicitFileType = wrapper.application; includeInIndex = 0; path = nanapiSwift.app; sourceTree = BUILT_PRODUCTS_DIR; };
		9A000DAB19792297006C030B /* Info.plist */ = {isa = PBXFileReference; lastKnownFileType = text.plist.xml; path = Info.plist; sourceTree = "<group>"; };
		9A000DAC19792297006C030B /* AppDelegate.swift */ = {isa = PBXFileReference; lastKnownFileType = sourcecode.swift; path = AppDelegate.swift; sourceTree = "<group>"; };
		9A000DAE19792297006C030B /* MasterViewController.swift */ = {isa = PBXFileReference; lastKnownFileType = sourcecode.swift; path = MasterViewController.swift; sourceTree = "<group>"; };
		9A000DB019792297006C030B /* DetailViewController.swift */ = {isa = PBXFileReference; lastKnownFileType = sourcecode.swift; path = DetailViewController.swift; sourceTree = "<group>"; };
		9A000DB319792297006C030B /* Base */ = {isa = PBXFileReference; lastKnownFileType = file.storyboard; name = Base; path = Base.lproj/Main.storyboard; sourceTree = "<group>"; };
		9A000DB519792297006C030B /* Images.xcassets */ = {isa = PBXFileReference; lastKnownFileType = folder.assetcatalog; path = Images.xcassets; sourceTree = "<group>"; };
		9A000DBB19792297006C030B /* nanapiSwiftTests.xctest */ = {isa = PBXFileReference; explicitFileType = wrapper.cfbundle; includeInIndex = 0; path = nanapiSwiftTests.xctest; sourceTree = BUILT_PRODUCTS_DIR; };
		9A000DC019792297006C030B /* Info.plist */ = {isa = PBXFileReference; lastKnownFileType = text.plist.xml; path = Info.plist; sourceTree = "<group>"; };
		9A000DC119792297006C030B /* nanapiSwiftTests.swift */ = {isa = PBXFileReference; lastKnownFileType = sourcecode.swift; path = nanapiSwiftTests.swift; sourceTree = "<group>"; };
/* End PBXFileReference section */

/* Begin PBXFrameworksBuildPhase section */
		9A000DA419792297006C030B /* Frameworks */ = {
			isa = PBXFrameworksBuildPhase;
			buildActionMask = 2147483647;
			files = (
			);
			runOnlyForDeploymentPostprocessing = 0;
		};
		9A000DB819792297006C030B /* Frameworks */ = {
			isa = PBXFrameworksBuildPhase;
			buildActionMask = 2147483647;
			files = (
			);
			runOnlyForDeploymentPostprocessing = 0;
		};
/* End PBXFrameworksBuildPhase section */

/* Begin PBXGroup section */
		9A000D9E19792297006C030B = {
			isa = PBXGroup;
			children = (
				9A000DA919792297006C030B /* nanapiSwift */,
				9A000DBE19792297006C030B /* nanapiSwiftTests */,
				9A000DA819792297006C030B /* Products */,
			);
			sourceTree = "<group>";
		};
		9A000DA819792297006C030B /* Products */ = {
			isa = PBXGroup;
			children = (
				9A000DA719792297006C030B /* nanapiSwift.app */,
				9A000DBB19792297006C030B /* nanapiSwiftTests.xctest */,
			);
			name = Products;
			sourceTree = "<group>";
		};
		9A000DA919792297006C030B /* nanapiSwift */ = {
			isa = PBXGroup;
			children = (
				9A000DAC19792297006C030B /* AppDelegate.swift */,
				9A000DAE19792297006C030B /* MasterViewController.swift */,
				9A000DB019792297006C030B /* DetailViewController.swift */,
				9A000DB219792297006C030B /* Main.storyboard */,
				9A000DB519792297006C030B /* Images.xcassets */,
				9A000DAA19792297006C030B /* Supporting Files */,
			);
			path = nanapiSwift;
			sourceTree = "<group>";
		};
		9A000DAA19792297006C030B /* Supporting Files */ = {
			isa = PBXGroup;
			children = (
				9A000DAB19792297006C030B /* Info.plist */,
			);
			name = "Supporting Files";
			sourceTree = "<group>";
		};
		9A000DBE19792297006C030B /* nanapiSwiftTests */ = {
			isa = PBXGroup;
			children = (
				9A000DC119792297006C030B /* nanapiSwiftTests.swift */,
				9A000DBF19792297006C030B /* Supporting Files */,
			);
			path = nanapiSwiftTests;
			sourceTree = "<group>";
		};
		9A000DBF19792297006C030B /* Supporting Files */ = {
			isa = PBXGroup;
			children = (
				9A000DC019792297006C030B /* Info.plist */,
			);
			name = "Supporting Files";
			sourceTree = "<group>";
		};
/* End PBXGroup section */

/* Begin PBXNativeTarget section */
		9A000DA619792297006C030B /* nanapiSwift */ = {
			isa = PBXNativeTarget;
			buildConfigurationList = 9A000DC519792297006C030B /* Build configuration list for PBXNativeTarget "nanapiSwift" */;
			buildPhases = (
				9A000DA319792297006C030B /* Sources */,
				9A000DA419792297006C030B /* Frameworks */,
				9A000DA519792297006C030B /* Resources */,
			);
			buildRules = (
			);
			dependencies = (
			);
			name = nanapiSwift;
			productName = nanapiSwift;
			productReference = 9A000DA719792297006C030B /* nanapiSwift.app */;
			productType = "com.apple.product-type.application";
		};
		9A000DBA19792297006C030B /* nanapiSwiftTests */ = {
			isa = PBXNativeTarget;
			buildConfigurationList = 9A000DC819792297006C030B /* Build configuration list for PBXNativeTarget "nanapiSwiftTests" */;
			buildPhases = (
				9A000DB719792297006C030B /* Sources */,
				9A000DB819792297006C030B /* Frameworks */,
				9A000DB919792297006C030B /* Resources */,
			);
			buildRules = (
			);
			dependencies = (
				9A000DBD19792297006C030B /* PBXTargetDependency */,
			);
			name = nanapiSwiftTests;
			productName = nanapiSwiftTests;
			productReference = 9A000DBB19792297006C030B /* nanapiSwiftTests.xctest */;
			productType = "com.apple.product-type.bundle.unit-test";
		};
/* End PBXNativeTarget section */

/* Begin PBXProject section */
		9A000D9F19792297006C030B /* Project object */ = {
			isa = PBXProject;
			attributes = {
				LastUpgradeCheck = 0600;
				ORGANIZATIONNAME = shuichi.wada;
				TargetAttributes = {
					9A000DA619792297006C030B = {
						CreatedOnToolsVersion = 6.0;
					};
					9A000DBA19792297006C030B = {
						CreatedOnToolsVersion = 6.0;
						TestTargetID = 9A000DA619792297006C030B;
					};
				};
			};
			buildConfigurationList = 9A000DA219792297006C030B /* Build configuration list for PBXProject "nanapiSwift" */;
			compatibilityVersion = "Xcode 3.2";
			developmentRegion = English;
			hasScannedForEncodings = 0;
			knownRegions = (
				en,
				Base,
			);
			mainGroup = 9A000D9E19792297006C030B;
			productRefGroup = 9A000DA819792297006C030B /* Products */;
			projectDirPath = "";
			projectRoot = "";
			targets = (
				9A000DA619792297006C030B /* nanapiSwift */,
				9A000DBA19792297006C030B /* nanapiSwiftTests */,
			);
		};
/* End PBXProject section */

/* Begin PBXResourcesBuildPhase section */
		9A000DA519792297006C030B /* Resources */ = {
			isa = PBXResourcesBuildPhase;
			buildActionMask = 2147483647;
			files = (
				9A000DB419792297006C030B /* Main.storyboard in Resources */,
				9A000DB619792297006C030B /* Images.xcassets in Resources */,
			);
			runOnlyForDeploymentPostprocessing = 0;
		};
		9A000DB919792297006C030B /* Resources */ = {
			isa = PBXResourcesBuildPhase;
			buildActionMask = 2147483647;
			files = (
			);
			runOnlyForDeploymentPostprocessing = 0;
		};
/* End PBXResourcesBuildPhase section */

/* Begin PBXSourcesBuildPhase section */
		9A000DA319792297006C030B /* Sources */ = {
			isa = PBXSourcesBuildPhase;
			buildActionMask = 2147483647;
			files = (
				9A000DB119792297006C030B /* DetailViewController.swift in Sources */,
				9A000DAF19792297006C030B /* MasterViewController.swift in Sources */,
				9A000DAD19792297006C030B /* AppDelegate.swift in Sources */,
			);
			runOnlyForDeploymentPostprocessing = 0;
		};
		9A000DB719792297006C030B /* Sources */ = {
			isa = PBXSourcesBuildPhase;
			buildActionMask = 2147483647;
			files = (
				9A000DC219792297006C030B /* nanapiSwiftTests.swift in Sources */,
			);
			runOnlyForDeploymentPostprocessing = 0;
		};
/* End PBXSourcesBuildPhase section */

/* Begin PBXTargetDependency section */
		9A000DBD19792297006C030B /* PBXTargetDependency */ = {
			isa = PBXTargetDependency;
			target = 9A000DA619792297006C030B /* nanapiSwift */;
			targetProxy = 9A000DBC19792297006C030B /* PBXContainerItemProxy */;
		};
/* End PBXTargetDependency section */

/* Begin PBXVariantGroup section */
		9A000DB219792297006C030B /* Main.storyboard */ = {
			isa = PBXVariantGroup;
			children = (
				9A000DB319792297006C030B /* Base */,
			);
			name = Main.storyboard;
			sourceTree = "<group>";
		};
/* End PBXVariantGroup section */

/* Begin XCBuildConfiguration section */
		9A000DC319792297006C030B /* Debug */ = {
			isa = XCBuildConfiguration;
			buildSettings = {
				ALWAYS_SEARCH_USER_PATHS = NO;
				CLANG_CXX_LANGUAGE_STANDARD = "gnu++0x";
				CLANG_CXX_LIBRARY = "libc++";
				CLANG_ENABLE_MODULES = YES;
				CLANG_ENABLE_OBJC_ARC = YES;
				CLANG_WARN_BOOL_CONVERSION = YES;
				CLANG_WARN_CONSTANT_CONVERSION = YES;
				CLANG_WARN_DIRECT_OBJC_ISA_USAGE = YES_ERROR;
				CLANG_WARN_EMPTY_BODY = YES;
				CLANG_WARN_ENUM_CONVERSION = YES;
				CLANG_WARN_INT_CONVERSION = YES;
				CLANG_WARN_OBJC_ROOT_CLASS = YES_ERROR;
				CLANG_WARN_UNREACHABLE_CODE = YES;
				CLANG_WARN__DUPLICATE_METHOD_MATCH = YES;
				"CODE_SIGN_IDENTITY[sdk=iphoneos*]" = "iPhone Developer";
				COPY_PHASE_STRIP = NO;
				ENABLE_STRICT_OBJC_MSGSEND = YES;
				GCC_C_LANGUAGE_STANDARD = gnu99;
				GCC_DYNAMIC_NO_PIC = NO;
				GCC_OPTIMIZATION_LEVEL = 0;
				GCC_PREPROCESSOR_DEFINITIONS = (
					"DEBUG=1",
					"$(inherited)",
				);
				GCC_SYMBOLS_PRIVATE_EXTERN = NO;
				GCC_WARN_64_TO_32_BIT_CONVERSION = YES;
				GCC_WARN_ABOUT_RETURN_TYPE = YES_ERROR;
				GCC_WARN_UNDECLARED_SELECTOR = YES;
				GCC_WARN_UNINITIALIZED_AUTOS = YES_AGGRESSIVE;
				GCC_WARN_UNUSED_FUNCTION = YES;
				GCC_WARN_UNUSED_VARIABLE = YES;
				IPHONEOS_DEPLOYMENT_TARGET = 8.0;
				MTL_ENABLE_DEBUG_INFO = YES;
				ONLY_ACTIVE_ARCH = YES;
				SDKROOT = iphoneos;
				SWIFT_OPTIMIZATION_LEVEL = "-Onone";
			};
			name = Debug;
		};
		9A000DC419792297006C030B /* Release */ = {
			isa = XCBuildConfiguration;
			buildSettings = {
				ALWAYS_SEARCH_USER_PATHS = NO;
				CLANG_CXX_LANGUAGE_STANDARD = "gnu++0x";
				CLANG_CXX_LIBRARY = "libc++";
				CLANG_ENABLE_MODULES = YES;
				CLANG_ENABLE_OBJC_ARC = YES;
				CLANG_WARN_BOOL_CONVERSION = YES;
				CLANG_WARN_CONSTANT_CONVERSION = YES;
				CLANG_WARN_DIRECT_OBJC_ISA_USAGE = YES_ERROR;
				CLANG_WARN_EMPTY_BODY = YES;
				CLANG_WARN_ENUM_CONVERSION = YES;
				CLANG_WARN_INT_CONVERSION = YES;
				CLANG_WARN_OBJC_ROOT_CLASS = YES_ERROR;
				CLANG_WARN_UNREACHABLE_CODE = YES;
				CLANG_WARN__DUPLICATE_METHOD_MATCH = YES;
				"CODE_SIGN_IDENTITY[sdk=iphoneos*]" = "iPhone Developer";
				COPY_PHASE_STRIP = YES;
				ENABLE_NS_ASSERTIONS = NO;
				ENABLE_STRICT_OBJC_MSGSEND = YES;
				GCC_C_LANGUAGE_STANDARD = gnu99;
				GCC_WARN_64_TO_32_BIT_CONVERSION = YES;
				GCC_WARN_ABOUT_RETURN_TYPE = YES_ERROR;
				GCC_WARN_UNDECLARED_SELECTOR = YES;
				GCC_WARN_UNINITIALIZED_AUTOS = YES_AGGRESSIVE;
				GCC_WARN_UNUSED_FUNCTION = YES;
				GCC_WARN_UNUSED_VARIABLE = YES;
				IPHONEOS_DEPLOYMENT_TARGET = 8.0;
				MTL_ENABLE_DEBUG_INFO = NO;
				SDKROOT = iphoneos;
				VALIDATE_PRODUCT = YES;
			};
			name = Release;
		};
		9A000DC619792297006C030B /* Debug */ = {
			isa = XCBuildConfiguration;
			buildSettings = {
				ASSETCATALOG_COMPILER_APPICON_NAME = AppIcon;
				ASSETCATALOG_COMPILER_LAUNCHIMAGE_NAME = LaunchImage;
				INFOPLIST_FILE = nanapiSwift/Info.plist;
				LD_RUNPATH_SEARCH_PATHS = "$(inherited) @executable_path/Frameworks";
				PRODUCT_NAME = "$(TARGET_NAME)";
			};
			name = Debug;
		};
		9A000DC719792297006C030B /* Release */ = {
			isa = XCBuildConfiguration;
			buildSettings = {
				ASSETCATALOG_COMPILER_APPICON_NAME = AppIcon;
				ASSETCATALOG_COMPILER_LAUNCHIMAGE_NAME = LaunchImage;
				INFOPLIST_FILE = nanapiSwift/Info.plist;
				LD_RUNPATH_SEARCH_PATHS = "$(inherited) @executable_path/Frameworks";
				PRODUCT_NAME = "$(TARGET_NAME)";
			};
			name = Release;
		};
		9A000DC919792297006C030B /* Debug */ = {
			isa = XCBuildConfiguration;
			buildSettings = {
				BUNDLE_LOADER = "$(BUILT_PRODUCTS_DIR)/nanapiSwift.app/nanapiSwift";
				FRAMEWORK_SEARCH_PATHS = (
					"$(SDKROOT)/Developer/Library/Frameworks",
					"$(inherited)",
				);
				GCC_PREPROCESSOR_DEFINITIONS = (
					"DEBUG=1",
					"$(inherited)",
				);
				INFOPLIST_FILE = nanapiSwiftTests/Info.plist;
				LD_RUNPATH_SEARCH_PATHS = "$(inherited) @executable_path/Frameworks @loader_path/Frameworks";
				PRODUCT_NAME = "$(TARGET_NAME)";
				TEST_HOST = "$(BUNDLE_LOADER)";
			};
			name = Debug;
		};
		9A000DCA19792297006C030B /* Release */ = {
			isa = XCBuildConfiguration;
			buildSettings = {
				BUNDLE_LOADER = "$(BUILT_PRODUCTS_DIR)/nanapiSwift.app/nanapiSwift";
				FRAMEWORK_SEARCH_PATHS = (
					"$(SDKROOT)/Developer/Library/Frameworks",
					"$(inherited)",
				);
				INFOPLIST_FILE = nanapiSwiftTests/Info.plist;
				LD_RUNPATH_SEARCH_PATHS = "$(inherited) @executable_path/Frameworks @loader_path/Frameworks";
				PRODUCT_NAME = "$(TARGET_NAME)";
				TEST_HOST = "$(BUNDLE_LOADER)";
			};
			name = Release;
		};
/* End XCBuildConfiguration section */

/* Begin XCConfigurationList section */
		9A000DA219792297006C030B /* Build configuration list for PBXProject "nanapiSwift" */ = {
			isa = XCConfigurationList;
			buildConfigurations = (
				9A000DC319792297006C030B /* Debug */,
				9A000DC419792297006C030B /* Release */,
			);
			defaultConfigurationIsVisible = 0;
			defaultConfigurationName = Release;
		};
		9A000DC519792297006C030B /* Build configuration list for PBXNativeTarget "nanapiSwift" */ = {
			isa = XCConfigurationList;
			buildConfigurations = (
				9A000DC619792297006C030B /* Debug */,
				9A000DC719792297006C030B /* Release */,
			);
			defaultConfigurationIsVisible = 0;
		};
		9A000DC819792297006C030B /* Build configuration list for PBXNativeTarget "nanapiSwiftTests" */ = {
			isa = XCConfigurationList;
			buildConfigurations = (
				9A000DC919792297006C030B /* Debug */,
				9A000DCA19792297006C030B /* Release */,
			);
			defaultConfigurationIsVisible = 0;
		};
/* End XCConfigurationList section */
	};
	rootObject = 9A000D9F19792297006C030B /* Project object */;
}
